
Microsoft Visual Studio Solution File, Format Version 12.00
# Visual Studio Version 16
VisualStudioVersion = 16.0.30114.105
MinimumVisualStudioVersion = 10.0.40219.1
Project("{2150E333-8FDC-42A3-9474-1A3956D46DE8}") = "src", "src", "{1CF9BC34-7450-4E7C-9F7F-0CA8E30327F5}"
EndProject
Project("{2150E333-8FDC-42A3-9474-1A3956D46DE8}") = "Services", "Services", "{6ED65B00-9C05-4B41-9ACE-4065AA464E6C}"
EndProject
Project("{2150E333-8FDC-42A3-9474-1A3956D46DE8}") = "User", "User", "{F4F11343-32BD-4053-AC8F-09D3776AE787}"
EndProject
Project("{FAE04EC0-301F-11D3-BF4B-00C04F79EFBC}") = "IMBox.User.API", "src\Services\User\User.API\IMBox.User.API.csproj", "{0D9E50A6-5BFF-4EF3-AA0A-20E16E8E6592}"
EndProject
Project("{FAE04EC0-301F-11D3-BF4B-00C04F79EFBC}") = "IMBox.User.Domain", "src\Services\User\User.Domain\IMBox.User.Domain.csproj", "{FE8E9ABE-3A2D-441B-8105-58C7CE0359D5}"
EndProject
Project("{FAE04EC0-301F-11D3-BF4B-00C04F79EFBC}") = "IMBox.User.Infrastructure", "src\Services\User\User.Infrastructure\IMBox.User.Infrastructure.csproj", "{8F9A556D-E3B4-40F2-8C93-39FCE196CF85}"
EndProject
Project("{2150E333-8FDC-42A3-9474-1A3956D46DE8}") = "Rating", "Rating", "{075D4930-4EEC-409E-A97A-FAC27D4AF6C8}"
EndProject
Project("{FAE04EC0-301F-11D3-BF4B-00C04F79EFBC}") = "IMBox.Rating.API", "src\Services\Rating\Rating.API\IMBox.Rating.API.csproj", "{BBB96EE4-40D4-4573-A139-491C0B442258}"
EndProject
Project("{FAE04EC0-301F-11D3-BF4B-00C04F79EFBC}") = "IMBox.Rating.Domain", "src\Services\Rating\Rating.Domain\IMBox.Rating.Domain.csproj", "{A9E6E17B-ADAB-4775-9F17-47D8F2FA53AD}"
EndProject
Project("{FAE04EC0-301F-11D3-BF4B-00C04F79EFBC}") = "IMBox.Rating.Infrastructure", "src\Services\Rating\Rating.Infrastructure\IMBox.Rating.Infrastructure.csproj", "{0DF00332-8AD7-4562-8611-1B645FE940E5}"
EndProject
Project("{2150E333-8FDC-42A3-9474-1A3956D46DE8}") = "Movie", "Movie", "{F67FEC17-1404-427F-8D7E-03D945F55A2C}"
EndProject
Project("{FAE04EC0-301F-11D3-BF4B-00C04F79EFBC}") = "IMBox.Movie.API", "src\Services\Movie\Movie.API\IMBox.Movie.API.csproj", "{69DA6B3C-36F9-4C85-8584-C9203FDFB234}"
EndProject
Project("{FAE04EC0-301F-11D3-BF4B-00C04F79EFBC}") = "IMBox.Movie.Domain", "src\Services\Movie\Movie.Domain\IMBox.Movie.Domain.csproj", "{69EB2408-9399-446C-AC47-8FD77662D5FD}"
EndProject
Project("{FAE04EC0-301F-11D3-BF4B-00C04F79EFBC}") = "IMBox.Movie.Infrastructure", "src\Services\Movie\Movie.Infrastructure\IMBox.Movie.Infrastructure.csproj", "{6A05D29E-154A-4C63-93C8-5E551F8E33D0}"
EndProject
Project("{2150E333-8FDC-42A3-9474-1A3956D46DE8}") = "Member", "Member", "{C3DC2FFC-C4CA-4392-BBE3-25FE8C1DE662}"
EndProject
Project("{FAE04EC0-301F-11D3-BF4B-00C04F79EFBC}") = "IMBox.Member.API", "src\Services\Member\Member.API\IMBox.Member.API.csproj", "{5191ACF9-9250-4853-B42A-E706534A42F8}"
EndProject
Project("{FAE04EC0-301F-11D3-BF4B-00C04F79EFBC}") = "IMBox.Member.Domain", "src\Services\Member\Member.Domain\IMBox.Member.Domain.csproj", "{E5A4A646-2846-428C-829C-E095ED1641D2}"
EndProject
Project("{FAE04EC0-301F-11D3-BF4B-00C04F79EFBC}") = "IMBox.Member.Infrastructure", "src\Services\Member\Member.Infrastructure\IMBox.Member.Infrastructure.csproj", "{E6A72167-365C-41AD-9F47-A359492B23D4}"
EndProject
Project("{2150E333-8FDC-42A3-9474-1A3956D46DE8}") = "Comment", "Comment", "{4CBEE2CB-D85F-4411-9531-5FB5188F7421}"
EndProject
Project("{FAE04EC0-301F-11D3-BF4B-00C04F79EFBC}") = "IMBox.Comment.API", "src\Services\Comment\Comment.API\IMBox.Comment.API.csproj", "{7DF66FE8-B81D-4F14-B87D-5CC514026AE0}"
EndProject
Project("{FAE04EC0-301F-11D3-BF4B-00C04F79EFBC}") = "IMBox.Comment.Domain", "src\Services\Comment\Comment.Domain\IMBox.Comment.Domain.csproj", "{7762A2D2-5978-442A-8BCE-893748584DF6}"
EndProject
Project("{FAE04EC0-301F-11D3-BF4B-00C04F79EFBC}") = "IMBox.Comment.Infrastructure", "src\Services\Comment\Comment.Infrastructure\IMBox.Comment.Infrastructure.csproj", "{CB75A616-C5A3-4725-8BAD-7B1F049A0D35}"
EndProject
Project("{2150E333-8FDC-42A3-9474-1A3956D46DE8}") = "Shared", "Shared", "{5BB2E435-BF2D-478D-8418-72A65C1424A5}"
EndProject
Project("{FAE04EC0-301F-11D3-BF4B-00C04F79EFBC}") = "IMBox.Core", "src\Shared\Core\IMBox.Core.csproj", "{BD4A5279-A556-455D-9A62-34975058993A}"
EndProject
Project("{FAE04EC0-301F-11D3-BF4B-00C04F79EFBC}") = "IMBox.Domain", "src\Shared\Domain\IMBox.Domain.csproj", "{ABEACAE7-0BEA-4278-A1A3-27603D32639B}"
EndProject
Project("{FAE04EC0-301F-11D3-BF4B-00C04F79EFBC}") = "IMBox.Infrastructure", "src\Shared\Infrastructure\IMBox.Infrastructure.csproj", "{AE655E62-D854-4C7A-92AF-9955CEB18835}"
EndProject
Global
	GlobalSection(SolutionConfigurationPlatforms) = preSolution
		Debug|Any CPU = Debug|Any CPU
		Release|Any CPU = Release|Any CPU
	EndGlobalSection
	GlobalSection(SolutionProperties) = preSolution
		HideSolutionNode = FALSE
	EndGlobalSection
	GlobalSection(ProjectConfigurationPlatforms) = postSolution
		{0D9E50A6-5BFF-4EF3-AA0A-20E16E8E6592}.Debug|Any CPU.ActiveCfg = Debug|Any CPU
		{0D9E50A6-5BFF-4EF3-AA0A-20E16E8E6592}.Debug|Any CPU.Build.0 = Debug|Any CPU
		{0D9E50A6-5BFF-4EF3-AA0A-20E16E8E6592}.Release|Any CPU.ActiveCfg = Release|Any CPU
		{0D9E50A6-5BFF-4EF3-AA0A-20E16E8E6592}.Release|Any CPU.Build.0 = Release|Any CPU
		{FE8E9ABE-3A2D-441B-8105-58C7CE0359D5}.Debug|Any CPU.ActiveCfg = Debug|Any CPU
		{FE8E9ABE-3A2D-441B-8105-58C7CE0359D5}.Debug|Any CPU.Build.0 = Debug|Any CPU
		{FE8E9ABE-3A2D-441B-8105-58C7CE0359D5}.Release|Any CPU.ActiveCfg = Release|Any CPU
		{FE8E9ABE-3A2D-441B-8105-58C7CE0359D5}.Release|Any CPU.Build.0 = Release|Any CPU
		{8F9A556D-E3B4-40F2-8C93-39FCE196CF85}.Debug|Any CPU.ActiveCfg = Debug|Any CPU
		{8F9A556D-E3B4-40F2-8C93-39FCE196CF85}.Debug|Any CPU.Build.0 = Debug|Any CPU
		{8F9A556D-E3B4-40F2-8C93-39FCE196CF85}.Release|Any CPU.ActiveCfg = Release|Any CPU
		{8F9A556D-E3B4-40F2-8C93-39FCE196CF85}.Release|Any CPU.Build.0 = Release|Any CPU
		{BBB96EE4-40D4-4573-A139-491C0B442258}.Debug|Any CPU.ActiveCfg = Debug|Any CPU
		{BBB96EE4-40D4-4573-A139-491C0B442258}.Debug|Any CPU.Build.0 = Debug|Any CPU
		{BBB96EE4-40D4-4573-A139-491C0B442258}.Release|Any CPU.ActiveCfg = Release|Any CPU
		{BBB96EE4-40D4-4573-A139-491C0B442258}.Release|Any CPU.Build.0 = Release|Any CPU
		{A9E6E17B-ADAB-4775-9F17-47D8F2FA53AD}.Debug|Any CPU.ActiveCfg = Debug|Any CPU
		{A9E6E17B-ADAB-4775-9F17-47D8F2FA53AD}.Debug|Any CPU.Build.0 = Debug|Any CPU
		{A9E6E17B-ADAB-4775-9F17-47D8F2FA53AD}.Release|Any CPU.ActiveCfg = Release|Any CPU
		{A9E6E17B-ADAB-4775-9F17-47D8F2FA53AD}.Release|Any CPU.Build.0 = Release|Any CPU
		{0DF00332-8AD7-4562-8611-1B645FE940E5}.Debug|Any CPU.ActiveCfg = Debug|Any CPU
		{0DF00332-8AD7-4562-8611-1B645FE940E5}.Debug|Any CPU.Build.0 = Debug|Any CPU
		{0DF00332-8AD7-4562-8611-1B645FE940E5}.Release|Any CPU.ActiveCfg = Release|Any CPU
		{0DF00332-8AD7-4562-8611-1B645FE940E5}.Release|Any CPU.Build.0 = Release|Any CPU
		{69DA6B3C-36F9-4C85-8584-C9203FDFB234}.Debug|Any CPU.ActiveCfg = Debug|Any CPU
		{69DA6B3C-36F9-4C85-8584-C9203FDFB234}.Debug|Any CPU.Build.0 = Debug|Any CPU
		{69DA6B3C-36F9-4C85-8584-C9203FDFB234}.Release|Any CPU.ActiveCfg = Release|Any CPU
		{69DA6B3C-36F9-4C85-8584-C9203FDFB234}.Release|Any CPU.Build.0 = Release|Any CPU
		{69EB2408-9399-446C-AC47-8FD77662D5FD}.Debug|Any CPU.ActiveCfg = Debug|Any CPU
		{69EB2408-9399-446C-AC47-8FD77662D5FD}.Debug|Any CPU.Build.0 = Debug|Any CPU
		{69EB2408-9399-446C-AC47-8FD77662D5FD}.Release|Any CPU.ActiveCfg = Release|Any CPU
		{69EB2408-9399-446C-AC47-8FD77662D5FD}.Release|Any CPU.Build.0 = Release|Any CPU
		{6A05D29E-154A-4C63-93C8-5E551F8E33D0}.Debug|Any CPU.ActiveCfg = Debug|Any CPU
		{6A05D29E-154A-4C63-93C8-5E551F8E33D0}.Debug|Any CPU.Build.0 = Debug|Any CPU
		{6A05D29E-154A-4C63-93C8-5E551F8E33D0}.Release|Any CPU.ActiveCfg = Release|Any CPU
		{6A05D29E-154A-4C63-93C8-5E551F8E33D0}.Release|Any CPU.Build.0 = Release|Any CPU
		{5191ACF9-9250-4853-B42A-E706534A42F8}.Debug|Any CPU.ActiveCfg = Debug|Any CPU
		{5191ACF9-9250-4853-B42A-E706534A42F8}.Debug|Any CPU.Build.0 = Debug|Any CPU
		{5191ACF9-9250-4853-B42A-E706534A42F8}.Release|Any CPU.ActiveCfg = Release|Any CPU
		{5191ACF9-9250-4853-B42A-E706534A42F8}.Release|Any CPU.Build.0 = Release|Any CPU
		{E5A4A646-2846-428C-829C-E095ED1641D2}.Debug|Any CPU.ActiveCfg = Debug|Any CPU
		{E5A4A646-2846-428C-829C-E095ED1641D2}.Debug|Any CPU.Build.0 = Debug|Any CPU
		{E5A4A646-2846-428C-829C-E095ED1641D2}.Release|Any CPU.ActiveCfg = Release|Any CPU
		{E5A4A646-2846-428C-829C-E095ED1641D2}.Release|Any CPU.Build.0 = Release|Any CPU
		{E6A72167-365C-41AD-9F47-A359492B23D4}.Debug|Any CPU.ActiveCfg = Debug|Any CPU
		{E6A72167-365C-41AD-9F47-A359492B23D4}.Debug|Any CPU.Build.0 = Debug|Any CPU
		{E6A72167-365C-41AD-9F47-A359492B23D4}.Release|Any CPU.ActiveCfg = Release|Any CPU
		{E6A72167-365C-41AD-9F47-A359492B23D4}.Release|Any CPU.Build.0 = Release|Any CPU
		{7DF66FE8-B81D-4F14-B87D-5CC514026AE0}.Debug|Any CPU.ActiveCfg = Debug|Any CPU
		{7DF66FE8-B81D-4F14-B87D-5CC514026AE0}.Debug|Any CPU.Build.0 = Debug|Any CPU
		{7DF66FE8-B81D-4F14-B87D-5CC514026AE0}.Release|Any CPU.ActiveCfg = Release|Any CPU
		{7DF66FE8-B81D-4F14-B87D-5CC514026AE0}.Release|Any CPU.Build.0 = Release|Any CPU
		{7762A2D2-5978-442A-8BCE-893748584DF6}.Debug|Any CPU.ActiveCfg = Debug|Any CPU
		{7762A2D2-5978-442A-8BCE-893748584DF6}.Debug|Any CPU.Build.0 = Debug|Any CPU
		{7762A2D2-5978-442A-8BCE-893748584DF6}.Release|Any CPU.ActiveCfg = Release|Any CPU
		{7762A2D2-5978-442A-8BCE-893748584DF6}.Release|Any CPU.Build.0 = Release|Any CPU
		{CB75A616-C5A3-4725-8BAD-7B1F049A0D35}.Debug|Any CPU.ActiveCfg = Debug|Any CPU
		{CB75A616-C5A3-4725-8BAD-7B1F049A0D35}.Debug|Any CPU.Build.0 = Debug|Any CPU
		{CB75A616-C5A3-4725-8BAD-7B1F049A0D35}.Release|Any CPU.ActiveCfg = Release|Any CPU
		{CB75A616-C5A3-4725-8BAD-7B1F049A0D35}.Release|Any CPU.Build.0 = Release|Any CPU
		{BD4A5279-A556-455D-9A62-34975058993A}.Debug|Any CPU.ActiveCfg = Debug|Any CPU
		{BD4A5279-A556-455D-9A62-34975058993A}.Debug|Any CPU.Build.0 = Debug|Any CPU
		{BD4A5279-A556-455D-9A62-34975058993A}.Release|Any CPU.ActiveCfg = Release|Any CPU
		{BD4A5279-A556-455D-9A62-34975058993A}.Release|Any CPU.Build.0 = Release|Any CPU
		{ABEACAE7-0BEA-4278-A1A3-27603D32639B}.Debug|Any CPU.ActiveCfg = Debug|Any CPU
		{ABEACAE7-0BEA-4278-A1A3-27603D32639B}.Debug|Any CPU.Build.0 = Debug|Any CPU
		{ABEACAE7-0BEA-4278-A1A3-27603D32639B}.Release|Any CPU.ActiveCfg = Release|Any CPU
		{ABEACAE7-0BEA-4278-A1A3-27603D32639B}.Release|Any CPU.Build.0 = Release|Any CPU
		{AE655E62-D854-4C7A-92AF-9955CEB18835}.Debug|Any CPU.ActiveCfg = Debug|Any CPU
		{AE655E62-D854-4C7A-92AF-9955CEB18835}.Debug|Any CPU.Build.0 = Debug|Any CPU
		{AE655E62-D854-4C7A-92AF-9955CEB18835}.Release|Any CPU.ActiveCfg = Release|Any CPU
		{AE655E62-D854-4C7A-92AF-9955CEB18835}.Release|Any CPU.Build.0 = Release|Any CPU
	EndGlobalSection
	GlobalSection(NestedProjects) = preSolution
		{6ED65B00-9C05-4B41-9ACE-4065AA464E6C} = {1CF9BC34-7450-4E7C-9F7F-0CA8E30327F5}
		{F4F11343-32BD-4053-AC8F-09D3776AE787} = {6ED65B00-9C05-4B41-9ACE-4065AA464E6C}
		{0D9E50A6-5BFF-4EF3-AA0A-20E16E8E6592} = {F4F11343-32BD-4053-AC8F-09D3776AE787}
		{FE8E9ABE-3A2D-441B-8105-58C7CE0359D5} = {F4F11343-32BD-4053-AC8F-09D3776AE787}
		{8F9A556D-E3B4-40F2-8C93-39FCE196CF85} = {F4F11343-32BD-4053-AC8F-09D3776AE787}
		{075D4930-4EEC-409E-A97A-FAC27D4AF6C8} = {6ED65B00-9C05-4B41-9ACE-4065AA464E6C}
		{BBB96EE4-40D4-4573-A139-491C0B442258} = {075D4930-4EEC-409E-A97A-FAC27D4AF6C8}
		{A9E6E17B-ADAB-4775-9F17-47D8F2FA53AD} = {075D4930-4EEC-409E-A97A-FAC27D4AF6C8}
		{0DF00332-8AD7-4562-8611-1B645FE940E5} = {075D4930-4EEC-409E-A97A-FAC27D4AF6C8}
		{F67FEC17-1404-427F-8D7E-03D945F55A2C} = {6ED65B00-9C05-4B41-9ACE-4065AA464E6C}
		{69DA6B3C-36F9-4C85-8584-C9203FDFB234} = {F67FEC17-1404-427F-8D7E-03D945F55A2C}
		{69EB2408-9399-446C-AC47-8FD77662D5FD} = {F67FEC17-1404-427F-8D7E-03D945F55A2C}
		{6A05D29E-154A-4C63-93C8-5E551F8E33D0} = {F67FEC17-1404-427F-8D7E-03D945F55A2C}
		{C3DC2FFC-C4CA-4392-BBE3-25FE8C1DE662} = {6ED65B00-9C05-4B41-9ACE-4065AA464E6C}
		{5191ACF9-9250-4853-B42A-E706534A42F8} = {C3DC2FFC-C4CA-4392-BBE3-25FE8C1DE662}
		{E5A4A646-2846-428C-829C-E095ED1641D2} = {C3DC2FFC-C4CA-4392-BBE3-25FE8C1DE662}
		{E6A72167-365C-41AD-9F47-A359492B23D4} = {C3DC2FFC-C4CA-4392-BBE3-25FE8C1DE662}
		{4CBEE2CB-D85F-4411-9531-5FB5188F7421} = {6ED65B00-9C05-4B41-9ACE-4065AA464E6C}
		{7DF66FE8-B81D-4F14-B87D-5CC514026AE0} = {4CBEE2CB-D85F-4411-9531-5FB5188F7421}
		{7762A2D2-5978-442A-8BCE-893748584DF6} = {4CBEE2CB-D85F-4411-9531-5FB5188F7421}
		{CB75A616-C5A3-4725-8BAD-7B1F049A0D35} = {4CBEE2CB-D85F-4411-9531-5FB5188F7421}
		{5BB2E435-BF2D-478D-8418-72A65C1424A5} = {1CF9BC34-7450-4E7C-9F7F-0CA8E30327F5}
		{BD4A5279-A556-455D-9A62-34975058993A} = {5BB2E435-BF2D-478D-8418-72A65C1424A5}
		{ABEACAE7-0BEA-4278-A1A3-27603D32639B} = {5BB2E435-BF2D-478D-8418-72A65C1424A5}
		{AE655E62-D854-4C7A-92AF-9955CEB18835} = {5BB2E435-BF2D-478D-8418-72A65C1424A5}
	EndGlobalSection
EndGlobal
